// !$*UTF8*$!
{
	archiveVersion = 1;
	classes = {
	};
	objectVersion = 56;
	objects = {

/* Begin PBXBuildFile section */
		402E6D5B29ACC52B005E1567 /* FCL in Frameworks */ = {isa = PBXBuildFile; productRef = 402E6D5A29ACC52B005E1567 /* FCL */; };
		402E6D5D29ACC629005E1567 /* PurchaseNFTViewController.swift in Sources */ = {isa = PBXBuildFile; fileRef = 402E6D5C29ACC629005E1567 /* PurchaseNFTViewController.swift */; };
		407C448129AF1A0F00D51ACF /* FungibleToken.cdc in Resources */ = {isa = PBXBuildFile; fileRef = 407C447C29AF1A0F00D51ACF /* FungibleToken.cdc */; };
		407C448229AF1A0F00D51ACF /* NonFungibleToken.cdc in Resources */ = {isa = PBXBuildFile; fileRef = 407C447D29AF1A0F00D51ACF /* NonFungibleToken.cdc */; };
		407C448329AF1A0F00D51ACF /* FlowToken.cdc in Resources */ = {isa = PBXBuildFile; fileRef = 407C447E29AF1A0F00D51ACF /* FlowToken.cdc */; };
		407C448429AF1A0F00D51ACF /* NFTMarketplace.cdc in Resources */ = {isa = PBXBuildFile; fileRef = 407C447F29AF1A0F00D51ACF /* NFTMarketplace.cdc */; };
		407C448529AF1A0F00D51ACF /* MyNFT.cdc in Resources */ = {isa = PBXBuildFile; fileRef = 407C448029AF1A0F00D51ACF /* MyNFT.cdc */; };
		40A03D7029ADBFD0000076E8 /* NFTModel.swift in Sources */ = {isa = PBXBuildFile; fileRef = 40A03D6F29ADBFD0000076E8 /* NFTModel.swift */; };
		40A03D7329ADC2B5000076E8 /* SDWebImageSwiftUI in Frameworks */ = {isa = PBXBuildFile; productRef = 40A03D7229ADC2B5000076E8 /* SDWebImageSwiftUI */; };
		40A03D7529ADD301000076E8 /* FlowManager.swift in Sources */ = {isa = PBXBuildFile; fileRef = 40A03D7429ADD301000076E8 /* FlowManager.swift */; };
		40A03D7729ADE16E000076E8 /* NFTTableViewCell.swift in Sources */ = {isa = PBXBuildFile; fileRef = 40A03D7629ADE16E000076E8 /* NFTTableViewCell.swift */; };
		40A03D7929ADF2A7000076E8 /* DetailNFTPlanViewController.swift in Sources */ = {isa = PBXBuildFile; fileRef = 40A03D7829ADF2A7000076E8 /* DetailNFTPlanViewController.swift */; };
		40BE34AD29ACDEEE0076C678 /* HelperFile.swift in Sources */ = {isa = PBXBuildFile; fileRef = 40BE34AC29ACDEEE0076C678 /* HelperFile.swift */; };
		40D8D29629ACB7E1005E003A /* AppDelegate.swift in Sources */ = {isa = PBXBuildFile; fileRef = 40D8D29529ACB7E1005E003A /* AppDelegate.swift */; };
		40D8D29829ACB7E1005E003A /* SceneDelegate.swift in Sources */ = {isa = PBXBuildFile; fileRef = 40D8D29729ACB7E1005E003A /* SceneDelegate.swift */; };
		40D8D29A29ACB7E1005E003A /* HomeViewController.swift in Sources */ = {isa = PBXBuildFile; fileRef = 40D8D29929ACB7E1005E003A /* HomeViewController.swift */; };
		40D8D29F29ACB7E5005E003A /* Assets.xcassets in Resources */ = {isa = PBXBuildFile; fileRef = 40D8D29E29ACB7E5005E003A /* Assets.xcassets */; };
		40D8D2A229ACB7E5005E003A /* LaunchScreen.storyboard in Resources */ = {isa = PBXBuildFile; fileRef = 40D8D2A029ACB7E5005E003A /* LaunchScreen.storyboard */; };
		40D8D2AD29ACB7E6005E003A /* DemoHackathonAppTests.swift in Sources */ = {isa = PBXBuildFile; fileRef = 40D8D2AC29ACB7E6005E003A /* DemoHackathonAppTests.swift */; };
		40D8D2B729ACB7E6005E003A /* DemoHackathonAppUITests.swift in Sources */ = {isa = PBXBuildFile; fileRef = 40D8D2B629ACB7E6005E003A /* DemoHackathonAppUITests.swift */; };
		40D8D2B929ACB7E6005E003A /* DemoHackathonAppUITestsLaunchTests.swift in Sources */ = {isa = PBXBuildFile; fileRef = 40D8D2B829ACB7E6005E003A /* DemoHackathonAppUITestsLaunchTests.swift */; };
/* End PBXBuildFile section */

/* Begin PBXContainerItemProxy section */
		40D8D2A929ACB7E6005E003A /* PBXContainerItemProxy */ = {
			isa = PBXContainerItemProxy;
			containerPortal = 40D8D28A29ACB7E1005E003A /* Project object */;
			proxyType = 1;
			remoteGlobalIDString = 40D8D29129ACB7E1005E003A;
			remoteInfo = DemoHackathonApp;
		};
		40D8D2B329ACB7E6005E003A /* PBXContainerItemProxy */ = {
			isa = PBXContainerItemProxy;
			containerPortal = 40D8D28A29ACB7E1005E003A /* Project object */;
			proxyType = 1;
			remoteGlobalIDString = 40D8D29129ACB7E1005E003A;
			remoteInfo = DemoHackathonApp;
		};
/* End PBXContainerItemProxy section */

/* Begin PBXFileReference section */
		402E6D5C29ACC629005E1567 /* PurchaseNFTViewController.swift */ = {isa = PBXFileReference; lastKnownFileType = sourcecode.swift; path = PurchaseNFTViewController.swift; sourceTree = "<group>"; };
		407C447C29AF1A0F00D51ACF /* FungibleToken.cdc */ = {isa = PBXFileReference; fileEncoding = 4; lastKnownFileType = text; path = FungibleToken.cdc; sourceTree = "<group>"; };
		407C447D29AF1A0F00D51ACF /* NonFungibleToken.cdc */ = {isa = PBXFileReference; fileEncoding = 4; lastKnownFileType = text; path = NonFungibleToken.cdc; sourceTree = "<group>"; };
		407C447E29AF1A0F00D51ACF /* FlowToken.cdc */ = {isa = PBXFileReference; fileEncoding = 4; lastKnownFileType = text; path = FlowToken.cdc; sourceTree = "<group>"; };
		407C447F29AF1A0F00D51ACF /* NFTMarketplace.cdc */ = {isa = PBXFileReference; fileEncoding = 4; lastKnownFileType = text; path = NFTMarketplace.cdc; sourceTree = "<group>"; };
		407C448029AF1A0F00D51ACF /* MyNFT.cdc */ = {isa = PBXFileReference; fileEncoding = 4; lastKnownFileType = text; path = MyNFT.cdc; sourceTree = "<group>"; };
		407C448729AF1A2B00D51ACF /* MyNFT.cdc */ = {isa = PBXFileReference; lastKnownFileType = text; path = MyNFT.cdc; sourceTree = "<group>"; };
		407C448829AF1A2B00D51ACF /* FungibleToken.cdc */ = {isa = PBXFileReference; lastKnownFileType = text; path = FungibleToken.cdc; sourceTree = "<group>"; };
		407C448929AF1A2B00D51ACF /* NonFungibleToken.cdc */ = {isa = PBXFileReference; lastKnownFileType = text; path = NonFungibleToken.cdc; sourceTree = "<group>"; };
		407C448A29AF1A2C00D51ACF /* FlowToken.cdc */ = {isa = PBXFileReference; lastKnownFileType = text; path = FlowToken.cdc; sourceTree = "<group>"; };
		407C448B29AF1A2C00D51ACF /* NFTMarketplace.cdc */ = {isa = PBXFileReference; lastKnownFileType = text; path = NFTMarketplace.cdc; sourceTree = "<group>"; };
		40A03D6F29ADBFD0000076E8 /* NFTModel.swift */ = {isa = PBXFileReference; lastKnownFileType = sourcecode.swift; path = NFTModel.swift; sourceTree = "<group>"; };
		40A03D7429ADD301000076E8 /* FlowManager.swift */ = {isa = PBXFileReference; lastKnownFileType = sourcecode.swift; path = FlowManager.swift; sourceTree = "<group>"; };
		40A03D7629ADE16E000076E8 /* NFTTableViewCell.swift */ = {isa = PBXFileReference; lastKnownFileType = sourcecode.swift; path = NFTTableViewCell.swift; sourceTree = "<group>"; };
		40A03D7829ADF2A7000076E8 /* DetailNFTPlanViewController.swift */ = {isa = PBXFileReference; lastKnownFileType = sourcecode.swift; path = DetailNFTPlanViewController.swift; sourceTree = "<group>"; };
		40BE34AC29ACDEEE0076C678 /* HelperFile.swift */ = {isa = PBXFileReference; lastKnownFileType = sourcecode.swift; path = HelperFile.swift; sourceTree = "<group>"; };
		40D8D29229ACB7E1005E003A /* DemoHackathonApp.app */ = {isa = PBXFileReference; explicitFileType = wrapper.application; includeInIndex = 0; path = DemoHackathonApp.app; sourceTree = BUILT_PRODUCTS_DIR; };
		40D8D29529ACB7E1005E003A /* AppDelegate.swift */ = {isa = PBXFileReference; lastKnownFileType = sourcecode.swift; path = AppDelegate.swift; sourceTree = "<group>"; };
		40D8D29729ACB7E1005E003A /* SceneDelegate.swift */ = {isa = PBXFileReference; lastKnownFileType = sourcecode.swift; path = SceneDelegate.swift; sourceTree = "<group>"; };
		40D8D29929ACB7E1005E003A /* HomeViewController.swift */ = {isa = PBXFileReference; lastKnownFileType = sourcecode.swift; path = HomeViewController.swift; sourceTree = "<group>"; };
		40D8D29E29ACB7E5005E003A /* Assets.xcassets */ = {isa = PBXFileReference; lastKnownFileType = folder.assetcatalog; path = Assets.xcassets; sourceTree = "<group>"; };
		40D8D2A129ACB7E5005E003A /* Base */ = {isa = PBXFileReference; lastKnownFileType = file.storyboard; name = Base; path = Base.lproj/LaunchScreen.storyboard; sourceTree = "<group>"; };
		40D8D2A329ACB7E5005E003A /* Info.plist */ = {isa = PBXFileReference; lastKnownFileType = text.plist.xml; path = Info.plist; sourceTree = "<group>"; };
		40D8D2A829ACB7E6005E003A /* DemoHackathonAppTests.xctest */ = {isa = PBXFileReference; explicitFileType = wrapper.cfbundle; includeInIndex = 0; path = DemoHackathonAppTests.xctest; sourceTree = BUILT_PRODUCTS_DIR; };
		40D8D2AC29ACB7E6005E003A /* DemoHackathonAppTests.swift */ = {isa = PBXFileReference; lastKnownFileType = sourcecode.swift; path = DemoHackathonAppTests.swift; sourceTree = "<group>"; };
		40D8D2B229ACB7E6005E003A /* DemoHackathonAppUITests.xctest */ = {isa = PBXFileReference; explicitFileType = wrapper.cfbundle; includeInIndex = 0; path = DemoHackathonAppUITests.xctest; sourceTree = BUILT_PRODUCTS_DIR; };
		40D8D2B629ACB7E6005E003A /* DemoHackathonAppUITests.swift */ = {isa = PBXFileReference; lastKnownFileType = sourcecode.swift; path = DemoHackathonAppUITests.swift; sourceTree = "<group>"; };
		40D8D2B829ACB7E6005E003A /* DemoHackathonAppUITestsLaunchTests.swift */ = {isa = PBXFileReference; lastKnownFileType = sourcecode.swift; path = DemoHackathonAppUITestsLaunchTests.swift; sourceTree = "<group>"; };
/* End PBXFileReference section */

/* Begin PBXFrameworksBuildPhase section */
		40D8D28F29ACB7E1005E003A /* Frameworks */ = {
			isa = PBXFrameworksBuildPhase;
			buildActionMask = 2147483647;
			files = (
				40A03D7329ADC2B5000076E8 /* SDWebImageSwiftUI in Frameworks */,
				402E6D5B29ACC52B005E1567 /* FCL in Frameworks */,
			);
			runOnlyForDeploymentPostprocessing = 0;
		};
		40D8D2A529ACB7E6005E003A /* Frameworks */ = {
			isa = PBXFrameworksBuildPhase;
			buildActionMask = 2147483647;
			files = (
			);
			runOnlyForDeploymentPostprocessing = 0;
		};
		40D8D2AF29ACB7E6005E003A /* Frameworks */ = {
			isa = PBXFrameworksBuildPhase;
			buildActionMask = 2147483647;
			files = (
			);
			runOnlyForDeploymentPostprocessing = 0;
		};
/* End PBXFrameworksBuildPhase section */

/* Begin PBXGroup section */
		4019185729AE7F7C0068DEA3 /* Models */ = {
			isa = PBXGroup;
			children = (
				40A03D6F29ADBFD0000076E8 /* NFTModel.swift */,
			);
			path = Models;
			sourceTree = "<group>";
		};
		4019185829AE7F890068DEA3 /* View Controllers */ = {
			isa = PBXGroup;
			children = (
				40D8D29929ACB7E1005E003A /* HomeViewController.swift */,
				402E6D5C29ACC629005E1567 /* PurchaseNFTViewController.swift */,
				40A03D7829ADF2A7000076E8 /* DetailNFTPlanViewController.swift */,
			);
			path = "View Controllers";
			sourceTree = "<group>";
		};
		4019185929AE7FE60068DEA3 /* Views */ = {
			isa = PBXGroup;
			children = (
				40A03D7629ADE16E000076E8 /* NFTTableViewCell.swift */,
			);
			path = Views;
			sourceTree = "<group>";
		};
		4019185A29AE7FF30068DEA3 /* Utility */ = {
			isa = PBXGroup;
			children = (
				40A03D7429ADD301000076E8 /* FlowManager.swift */,
				40BE34AC29ACDEEE0076C678 /* HelperFile.swift */,
				40D8D29729ACB7E1005E003A /* SceneDelegate.swift */,
				40D8D29529ACB7E1005E003A /* AppDelegate.swift */,
			);
			path = Utility;
			sourceTree = "<group>";
		};
		407C447B29AF1A0F00D51ACF /* Cadence */ = {
			isa = PBXGroup;
			children = (
				407C447C29AF1A0F00D51ACF /* FungibleToken.cdc */,
				407C447D29AF1A0F00D51ACF /* NonFungibleToken.cdc */,
				407C447E29AF1A0F00D51ACF /* FlowToken.cdc */,
				407C447F29AF1A0F00D51ACF /* NFTMarketplace.cdc */,
				407C448029AF1A0F00D51ACF /* MyNFT.cdc */,
			);
			name = Cadence;
			path = ../../DemoHackathonApp/DemoHackathonApp/Cadence;
			sourceTree = "<group>";
		};
		407C448629AF1A2B00D51ACF /* Cadence */ = {
			isa = PBXGroup;
			children = (
				407C448829AF1A2B00D51ACF /* FungibleToken.cdc */,
				407C448929AF1A2B00D51ACF /* NonFungibleToken.cdc */,
				407C448A29AF1A2C00D51ACF /* FlowToken.cdc */,
				407C448B29AF1A2C00D51ACF /* NFTMarketplace.cdc */,
				407C448729AF1A2B00D51ACF /* MyNFT.cdc */,
			);
			path = Cadence;
			sourceTree = "<group>";
		};
		40D8D28929ACB7E1005E003A = {
			isa = PBXGroup;
			children = (
				407C448629AF1A2B00D51ACF /* Cadence */,
				40D8D29429ACB7E1005E003A /* DemoHackathonApp */,
				40D8D2AB29ACB7E6005E003A /* DemoHackathonAppTests */,
				40D8D2B529ACB7E6005E003A /* DemoHackathonAppUITests */,
				40D8D29329ACB7E1005E003A /* Products */,
			);
			sourceTree = "<group>";
		};
		40D8D29329ACB7E1005E003A /* Products */ = {
			isa = PBXGroup;
			children = (
				40D8D29229ACB7E1005E003A /* DemoHackathonApp.app */,
				40D8D2A829ACB7E6005E003A /* DemoHackathonAppTests.xctest */,
				40D8D2B229ACB7E6005E003A /* DemoHackathonAppUITests.xctest */,
			);
			name = Products;
			sourceTree = "<group>";
		};
		40D8D29429ACB7E1005E003A /* DemoHackathonApp */ = {
			isa = PBXGroup;
			children = (
				407C447B29AF1A0F00D51ACF /* Cadence */,
				4019185A29AE7FF30068DEA3 /* Utility */,
				4019185929AE7FE60068DEA3 /* Views */,
				4019185829AE7F890068DEA3 /* View Controllers */,
				4019185729AE7F7C0068DEA3 /* Models */,
				40D8D29E29ACB7E5005E003A /* Assets.xcassets */,
				40D8D2A029ACB7E5005E003A /* LaunchScreen.storyboard */,
				40D8D2A329ACB7E5005E003A /* Info.plist */,
			);
			path = DemoHackathonApp;
			sourceTree = "<group>";
		};
		40D8D2AB29ACB7E6005E003A /* DemoHackathonAppTests */ = {
			isa = PBXGroup;
			children = (
				40D8D2AC29ACB7E6005E003A /* DemoHackathonAppTests.swift */,
			);
			path = DemoHackathonAppTests;
			sourceTree = "<group>";
		};
		40D8D2B529ACB7E6005E003A /* DemoHackathonAppUITests */ = {
			isa = PBXGroup;
			children = (
				40D8D2B629ACB7E6005E003A /* DemoHackathonAppUITests.swift */,
				40D8D2B829ACB7E6005E003A /* DemoHackathonAppUITestsLaunchTests.swift */,
			);
			path = DemoHackathonAppUITests;
			sourceTree = "<group>";
		};
/* End PBXGroup section */

/* Begin PBXNativeTarget section */
		40D8D29129ACB7E1005E003A /* DemoHackathonApp */ = {
			isa = PBXNativeTarget;
			buildConfigurationList = 40D8D2BC29ACB7E6005E003A /* Build configuration list for PBXNativeTarget "DemoHackathonApp" */;
			buildPhases = (
				40D8D28E29ACB7E1005E003A /* Sources */,
				40D8D28F29ACB7E1005E003A /* Frameworks */,
				40D8D29029ACB7E1005E003A /* Resources */,
			);
			buildRules = (
			);
			dependencies = (
			);
			name = DemoHackathonApp;
			packageProductDependencies = (
				402E6D5A29ACC52B005E1567 /* FCL */,
				40A03D7229ADC2B5000076E8 /* SDWebImageSwiftUI */,
			);
			productName = DemoHackathonApp;
			productReference = 40D8D29229ACB7E1005E003A /* DemoHackathonApp.app */;
			productType = "com.apple.product-type.application";
		};
		40D8D2A729ACB7E6005E003A /* DemoHackathonAppTests */ = {
			isa = PBXNativeTarget;
			buildConfigurationList = 40D8D2BF29ACB7E6005E003A /* Build configuration list for PBXNativeTarget "DemoHackathonAppTests" */;
			buildPhases = (
				40D8D2A429ACB7E6005E003A /* Sources */,
				40D8D2A529ACB7E6005E003A /* Frameworks */,
				40D8D2A629ACB7E6005E003A /* Resources */,
			);
			buildRules = (
			);
			dependencies = (
				40D8D2AA29ACB7E6005E003A /* PBXTargetDependency */,
			);
			name = DemoHackathonAppTests;
			productName = DemoHackathonAppTests;
			productReference = 40D8D2A829ACB7E6005E003A /* DemoHackathonAppTests.xctest */;
			productType = "com.apple.product-type.bundle.unit-test";
		};
		40D8D2B129ACB7E6005E003A /* DemoHackathonAppUITests */ = {
			isa = PBXNativeTarget;
			buildConfigurationList = 40D8D2C229ACB7E6005E003A /* Build configuration list for PBXNativeTarget "DemoHackathonAppUITests" */;
			buildPhases = (
				40D8D2AE29ACB7E6005E003A /* Sources */,
				40D8D2AF29ACB7E6005E003A /* Frameworks */,
				40D8D2B029ACB7E6005E003A /* Resources */,
			);
			buildRules = (
			);
			dependencies = (
				40D8D2B429ACB7E6005E003A /* PBXTargetDependency */,
			);
			name = DemoHackathonAppUITests;
			productName = DemoHackathonAppUITests;
			productReference = 40D8D2B229ACB7E6005E003A /* DemoHackathonAppUITests.xctest */;
			productType = "com.apple.product-type.bundle.ui-testing";
		};
/* End PBXNativeTarget section */

/* Begin PBXProject section */
		40D8D28A29ACB7E1005E003A /* Project object */ = {
			isa = PBXProject;
			attributes = {
				BuildIndependentTargetsInParallel = 1;
				LastSwiftUpdateCheck = 1420;
				LastUpgradeCheck = 1420;
				TargetAttributes = {
					40D8D29129ACB7E1005E003A = {
						CreatedOnToolsVersion = 14.2;
					};
					40D8D2A729ACB7E6005E003A = {
						CreatedOnToolsVersion = 14.2;
						TestTargetID = 40D8D29129ACB7E1005E003A;
					};
					40D8D2B129ACB7E6005E003A = {
						CreatedOnToolsVersion = 14.2;
						TestTargetID = 40D8D29129ACB7E1005E003A;
					};
				};
			};
			buildConfigurationList = 40D8D28D29ACB7E1005E003A /* Build configuration list for PBXProject "DemoHackathonApp" */;
			compatibilityVersion = "Xcode 14.0";
			developmentRegion = en;
			hasScannedForEncodings = 0;
			knownRegions = (
				en,
				Base,
			);
			mainGroup = 40D8D28929ACB7E1005E003A;
			packageReferences = (
				402E6D5929ACC52B005E1567 /* XCRemoteSwiftPackageReference "fcl-swift" */,
				40A03D7129ADC2B5000076E8 /* XCRemoteSwiftPackageReference "SDWebImageSwiftUI" */,
			);
			productRefGroup = 40D8D29329ACB7E1005E003A /* Products */;
			projectDirPath = "";
			projectRoot = "";
			targets = (
				40D8D29129ACB7E1005E003A /* DemoHackathonApp */,
				40D8D2A729ACB7E6005E003A /* DemoHackathonAppTests */,
				40D8D2B129ACB7E6005E003A /* DemoHackathonAppUITests */,
			);
		};
/* End PBXProject section */

/* Begin PBXResourcesBuildPhase section */
		40D8D29029ACB7E1005E003A /* Resources */ = {
			isa = PBXResourcesBuildPhase;
			buildActionMask = 2147483647;
			files = (
				407C448229AF1A0F00D51ACF /* NonFungibleToken.cdc in Resources */,
				407C448329AF1A0F00D51ACF /* FlowToken.cdc in Resources */,
				407C448129AF1A0F00D51ACF /* FungibleToken.cdc in Resources */,
				40D8D2A229ACB7E5005E003A /* LaunchScreen.storyboard in Resources */,
				407C448529AF1A0F00D51ACF /* MyNFT.cdc in Resources */,
				40D8D29F29ACB7E5005E003A /* Assets.xcassets in Resources */,
				407C448429AF1A0F00D51ACF /* NFTMarketplace.cdc in Resources */,
			);
			runOnlyForDeploymentPostprocessing = 0;
		};
		40D8D2A629ACB7E6005E003A /* Resources */ = {
			isa = PBXResourcesBuildPhase;
			buildActionMask = 2147483647;
			files = (
			);
			runOnlyForDeploymentPostprocessing = 0;
		};
		40D8D2B029ACB7E6005E003A /* Resources */ = {
			isa = PBXResourcesBuildPhase;
			buildActionMask = 2147483647;
			files = (
			);
			runOnlyForDeploymentPostprocessing = 0;
		};
/* End PBXResourcesBuildPhase section */

/* Begin PBXSourcesBuildPhase section */
		40D8D28E29ACB7E1005E003A /* Sources */ = {
			isa = PBXSourcesBuildPhase;
			buildActionMask = 2147483647;
			files = (
				402E6D5D29ACC629005E1567 /* PurchaseNFTViewController.swift in Sources */,
				40D8D29A29ACB7E1005E003A /* HomeViewController.swift in Sources */,
				40A03D7729ADE16E000076E8 /* NFTTableViewCell.swift in Sources */,
				40D8D29629ACB7E1005E003A /* AppDelegate.swift in Sources */,
				40D8D29829ACB7E1005E003A /* SceneDelegate.swift in Sources */,
				40A03D7029ADBFD0000076E8 /* NFTModel.swift in Sources */,
				40A03D7929ADF2A7000076E8 /* DetailNFTPlanViewController.swift in Sources */,
				40BE34AD29ACDEEE0076C678 /* HelperFile.swift in Sources */,
				40A03D7529ADD301000076E8 /* FlowManager.swift in Sources */,
			);
			runOnlyForDeploymentPostprocessing = 0;
		};
		40D8D2A429ACB7E6005E003A /* Sources */ = {
			isa = PBXSourcesBuildPhase;
			buildActionMask = 2147483647;
			files = (
				40D8D2AD29ACB7E6005E003A /* DemoHackathonAppTests.swift in Sources */,
			);
			runOnlyForDeploymentPostprocessing = 0;
		};
		40D8D2AE29ACB7E6005E003A /* Sources */ = {
			isa = PBXSourcesBuildPhase;
			buildActionMask = 2147483647;
			files = (
				40D8D2B729ACB7E6005E003A /* DemoHackathonAppUITests.swift in Sources */,
				40D8D2B929ACB7E6005E003A /* DemoHackathonAppUITestsLaunchTests.swift in Sources */,
			);
			runOnlyForDeploymentPostprocessing = 0;
		};
/* End PBXSourcesBuildPhase section */

/* Begin PBXTargetDependency section */
		40D8D2AA29ACB7E6005E003A /* PBXTargetDependency */ = {
			isa = PBXTargetDependency;
			target = 40D8D29129ACB7E1005E003A /* DemoHackathonApp */;
			targetProxy = 40D8D2A929ACB7E6005E003A /* PBXContainerItemProxy */;
		};
		40D8D2B429ACB7E6005E003A /* PBXTargetDependency */ = {
			isa = PBXTargetDependency;
			target = 40D8D29129ACB7E1005E003A /* DemoHackathonApp */;
			targetProxy = 40D8D2B329ACB7E6005E003A /* PBXContainerItemProxy */;
		};
/* End PBXTargetDependency section */

/* Begin PBXVariantGroup section */
		40D8D2A029ACB7E5005E003A /* LaunchScreen.storyboard */ = {
			isa = PBXVariantGroup;
			children = (
				40D8D2A129ACB7E5005E003A /* Base */,
			);
			name = LaunchScreen.storyboard;
			sourceTree = "<group>";
		};
/* End PBXVariantGroup section */

/* Begin XCBuildConfiguration section */
		40D8D2BA29ACB7E6005E003A /* Debug */ = {
			isa = XCBuildConfiguration;
			buildSettings = {
				ALWAYS_SEARCH_USER_PATHS = NO;
				CLANG_ANALYZER_NONNULL = YES;
				CLANG_ANALYZER_NUMBER_OBJECT_CONVERSION = YES_AGGRESSIVE;
				CLANG_CXX_LANGUAGE_STANDARD = "gnu++20";
				CLANG_ENABLE_MODULES = YES;
				CLANG_ENABLE_OBJC_ARC = YES;
				CLANG_ENABLE_OBJC_WEAK = YES;
				CLANG_WARN_BLOCK_CAPTURE_AUTORELEASING = YES;
				CLANG_WARN_BOOL_CONVERSION = YES;
				CLANG_WARN_COMMA = YES;
				CLANG_WARN_CONSTANT_CONVERSION = YES;
				CLANG_WARN_DEPRECATED_OBJC_IMPLEMENTATIONS = YES;
				CLANG_WARN_DIRECT_OBJC_ISA_USAGE = YES_ERROR;
				CLANG_WARN_DOCUMENTATION_COMMENTS = YES;
				CLANG_WARN_EMPTY_BODY = YES;
				CLANG_WARN_ENUM_CONVERSION = YES;
				CLANG_WARN_INFINITE_RECURSION = YES;
				CLANG_WARN_INT_CONVERSION = YES;
				CLANG_WARN_NON_LITERAL_NULL_CONVERSION = YES;
				CLANG_WARN_OBJC_IMPLICIT_RETAIN_SELF = YES;
				CLANG_WARN_OBJC_LITERAL_CONVERSION = YES;
				CLANG_WARN_OBJC_ROOT_CLASS = YES_ERROR;
				CLANG_WARN_QUOTED_INCLUDE_IN_FRAMEWORK_HEADER = YES;
				CLANG_WARN_RANGE_LOOP_ANALYSIS = YES;
				CLANG_WARN_STRICT_PROTOTYPES = YES;
				CLANG_WARN_SUSPICIOUS_MOVE = YES;
				CLANG_WARN_UNGUARDED_AVAILABILITY = YES_AGGRESSIVE;
				CLANG_WARN_UNREACHABLE_CODE = YES;
				CLANG_WARN__DUPLICATE_METHOD_MATCH = YES;
				COPY_PHASE_STRIP = NO;
				DEBUG_INFORMATION_FORMAT = dwarf;
				ENABLE_STRICT_OBJC_MSGSEND = YES;
				ENABLE_TESTABILITY = YES;
				GCC_C_LANGUAGE_STANDARD = gnu11;
				GCC_DYNAMIC_NO_PIC = NO;
				GCC_NO_COMMON_BLOCKS = YES;
				GCC_OPTIMIZATION_LEVEL = 0;
				GCC_PREPROCESSOR_DEFINITIONS = (
					"DEBUG=1",
					"$(inherited)",
				);
				GCC_WARN_64_TO_32_BIT_CONVERSION = YES;
				GCC_WARN_ABOUT_RETURN_TYPE = YES_ERROR;
				GCC_WARN_UNDECLARED_SELECTOR = YES;
				GCC_WARN_UNINITIALIZED_AUTOS = YES_AGGRESSIVE;
				GCC_WARN_UNUSED_FUNCTION = YES;
				GCC_WARN_UNUSED_VARIABLE = YES;
				IPHONEOS_DEPLOYMENT_TARGET = 16.2;
				MTL_ENABLE_DEBUG_INFO = INCLUDE_SOURCE;
				MTL_FAST_MATH = YES;
				ONLY_ACTIVE_ARCH = YES;
				SDKROOT = iphoneos;
				SWIFT_ACTIVE_COMPILATION_CONDITIONS = DEBUG;
				SWIFT_OPTIMIZATION_LEVEL = "-Onone";
			};
			name = Debug;
		};
		40D8D2BB29ACB7E6005E003A /* Release */ = {
			isa = XCBuildConfiguration;
			buildSettings = {
				ALWAYS_SEARCH_USER_PATHS = NO;
				CLANG_ANALYZER_NONNULL = YES;
				CLANG_ANALYZER_NUMBER_OBJECT_CONVERSION = YES_AGGRESSIVE;
				CLANG_CXX_LANGUAGE_STANDARD = "gnu++20";
				CLANG_ENABLE_MODULES = YES;
				CLANG_ENABLE_OBJC_ARC = YES;
				CLANG_ENABLE_OBJC_WEAK = YES;
				CLANG_WARN_BLOCK_CAPTURE_AUTORELEASING = YES;
				CLANG_WARN_BOOL_CONVERSION = YES;
				CLANG_WARN_COMMA = YES;
				CLANG_WARN_CONSTANT_CONVERSION = YES;
				CLANG_WARN_DEPRECATED_OBJC_IMPLEMENTATIONS = YES;
				CLANG_WARN_DIRECT_OBJC_ISA_USAGE = YES_ERROR;
				CLANG_WARN_DOCUMENTATION_COMMENTS = YES;
				CLANG_WARN_EMPTY_BODY = YES;
				CLANG_WARN_ENUM_CONVERSION = YES;
				CLANG_WARN_INFINITE_RECURSION = YES;
				CLANG_WARN_INT_CONVERSION = YES;
				CLANG_WARN_NON_LITERAL_NULL_CONVERSION = YES;
				CLANG_WARN_OBJC_IMPLICIT_RETAIN_SELF = YES;
				CLANG_WARN_OBJC_LITERAL_CONVERSION = YES;
				CLANG_WARN_OBJC_ROOT_CLASS = YES_ERROR;
				CLANG_WARN_QUOTED_INCLUDE_IN_FRAMEWORK_HEADER = YES;
				CLANG_WARN_RANGE_LOOP_ANALYSIS = YES;
				CLANG_WARN_STRICT_PROTOTYPES = YES;
				CLANG_WARN_SUSPICIOUS_MOVE = YES;
				CLANG_WARN_UNGUARDED_AVAILABILITY = YES_AGGRESSIVE;
				CLANG_WARN_UNREACHABLE_CODE = YES;
				CLANG_WARN__DUPLICATE_METHOD_MATCH = YES;
				COPY_PHASE_STRIP = NO;
				DEBUG_INFORMATION_FORMAT = "dwarf-with-dsym";
				ENABLE_NS_ASSERTIONS = NO;
				ENABLE_STRICT_OBJC_MSGSEND = YES;
				GCC_C_LANGUAGE_STANDARD = gnu11;
				GCC_NO_COMMON_BLOCKS = YES;
				GCC_WARN_64_TO_32_BIT_CONVERSION = YES;
				GCC_WARN_ABOUT_RETURN_TYPE = YES_ERROR;
				GCC_WARN_UNDECLARED_SELECTOR = YES;
				GCC_WARN_UNINITIALIZED_AUTOS = YES_AGGRESSIVE;
				GCC_WARN_UNUSED_FUNCTION = YES;
				GCC_WARN_UNUSED_VARIABLE = YES;
				IPHONEOS_DEPLOYMENT_TARGET = 16.2;
				MTL_ENABLE_DEBUG_INFO = NO;
				MTL_FAST_MATH = YES;
				SDKROOT = iphoneos;
				SWIFT_COMPILATION_MODE = wholemodule;
				SWIFT_OPTIMIZATION_LEVEL = "-O";
				VALIDATE_PRODUCT = YES;
			};
			name = Release;
		};
		40D8D2BD29ACB7E6005E003A /* Debug */ = {
			isa = XCBuildConfiguration;
			buildSettings = {
				ASSETCATALOG_COMPILER_APPICON_NAME = AppIcon;
				ASSETCATALOG_COMPILER_GLOBAL_ACCENT_COLOR_NAME = AccentColor;
				CODE_SIGN_STYLE = Automatic;
				CURRENT_PROJECT_VERSION = 1;
				DEVELOPMENT_TEAM = WXA74GV5H2;
				GENERATE_INFOPLIST_FILE = YES;
				INFOPLIST_FILE = DemoHackathonApp/Info.plist;
				INFOPLIST_KEY_UIApplicationSupportsIndirectInputEvents = YES;
				INFOPLIST_KEY_UILaunchStoryboardName = LaunchScreen;
				INFOPLIST_KEY_UISupportedInterfaceOrientations_iPad = "UIInterfaceOrientationPortrait UIInterfaceOrientationPortraitUpsideDown UIInterfaceOrientationLandscapeLeft UIInterfaceOrientationLandscapeRight";
				INFOPLIST_KEY_UISupportedInterfaceOrientations_iPhone = "UIInterfaceOrientationPortrait UIInterfaceOrientationLandscapeLeft UIInterfaceOrientationLandscapeRight";
				LD_RUNPATH_SEARCH_PATHS = (
					"$(inherited)",
					"@executable_path/Frameworks",
				);
				MARKETING_VERSION = 1.0;
				PRODUCT_BUNDLE_IDENTIFIER = AarishKhanna.DemoHackathonApp;
				PRODUCT_NAME = "$(TARGET_NAME)";
				SWIFT_EMIT_LOC_STRINGS = YES;
				SWIFT_VERSION = 5.0;
				TARGETED_DEVICE_FAMILY = "1,2";
			};
			name = Debug;
		};
		40D8D2BE29ACB7E6005E003A /* Release */ = {
			isa = XCBuildConfiguration;
			buildSettings = {
				ASSETCATALOG_COMPILER_APPICON_NAME = AppIcon;
				ASSETCATALOG_COMPILER_GLOBAL_ACCENT_COLOR_NAME = AccentColor;
				CODE_SIGN_STYLE = Automatic;
				CURRENT_PROJECT_VERSION = 1;
				DEVELOPMENT_TEAM = WXA74GV5H2;
				GENERATE_INFOPLIST_FILE = YES;
				INFOPLIST_FILE = DemoHackathonApp/Info.plist;
				INFOPLIST_KEY_UIApplicationSupportsIndirectInputEvents = YES;
				INFOPLIST_KEY_UILaunchStoryboardName = LaunchScreen;
				INFOPLIST_KEY_UISupportedInterfaceOrientations_iPad = "UIInterfaceOrientationPortrait UIInterfaceOrientationPortraitUpsideDown UIInterfaceOrientationLandscapeLeft UIInterfaceOrientationLandscapeRight";
				INFOPLIST_KEY_UISupportedInterfaceOrientations_iPhone = "UIInterfaceOrientationPortrait UIInterfaceOrientationLandscapeLeft UIInterfaceOrientationLandscapeRight";
				LD_RUNPATH_SEARCH_PATHS = (
					"$(inherited)",
					"@executable_path/Frameworks",
				);
				MARKETING_VERSION = 1.0;
				PRODUCT_BUNDLE_IDENTIFIER = AarishKhanna.DemoHackathonApp;
				PRODUCT_NAME = "$(TARGET_NAME)";
				SWIFT_EMIT_LOC_STRINGS = YES;
				SWIFT_VERSION = 5.0;
				TARGETED_DEVICE_FAMILY = "1,2";
			};
			name = Release;
		};
		40D8D2C029ACB7E6005E003A /* Debug */ = {
			isa = XCBuildConfiguration;
			buildSettings = {
				ALWAYS_EMBED_SWIFT_STANDARD_LIBRARIES = YES;
				BUNDLE_LOADER = "$(TEST_HOST)";
				CODE_SIGN_STYLE = Automatic;
				CURRENT_PROJECT_VERSION = 1;
				DEVELOPMENT_TEAM = WXA74GV5H2;
				GENERATE_INFOPLIST_FILE = YES;
				IPHONEOS_DEPLOYMENT_TARGET = 16.2;
				MARKETING_VERSION = 1.0;
				PRODUCT_BUNDLE_IDENTIFIER = AarishKhanna.DemoHackathonAppTests;
				PRODUCT_NAME = "$(TARGET_NAME)";
				SWIFT_EMIT_LOC_STRINGS = NO;
				SWIFT_VERSION = 5.0;
				TARGETED_DEVICE_FAMILY = "1,2";
				TEST_HOST = "$(BUILT_PRODUCTS_DIR)/DemoHackathonApp.app/$(BUNDLE_EXECUTABLE_FOLDER_PATH)/DemoHackathonApp";
			};
			name = Debug;
		};
		40D8D2C129ACB7E6005E003A /* Release */ = {
			isa = XCBuildConfiguration;
			buildSettings = {
				ALWAYS_EMBED_SWIFT_STANDARD_LIBRARIES = YES;
				BUNDLE_LOADER = "$(TEST_HOST)";
				CODE_SIGN_STYLE = Automatic;
				CURRENT_PROJECT_VERSION = 1;
				DEVELOPMENT_TEAM = WXA74GV5H2;
				GENERATE_INFOPLIST_FILE = YES;
				IPHONEOS_DEPLOYMENT_TARGET = 16.2;
				MARKETING_VERSION = 1.0;
				PRODUCT_BUNDLE_IDENTIFIER = AarishKhanna.DemoHackathonAppTests;
				PRODUCT_NAME = "$(TARGET_NAME)";
				SWIFT_EMIT_LOC_STRINGS = NO;
				SWIFT_VERSION = 5.0;
				TARGETED_DEVICE_FAMILY = "1,2";
				TEST_HOST = "$(BUILT_PRODUCTS_DIR)/DemoHackathonApp.app/$(BUNDLE_EXECUTABLE_FOLDER_PATH)/DemoHackathonApp";
			};
			name = Release;
		};
		40D8D2C329ACB7E6005E003A /* Debug */ = {
			isa = XCBuildConfiguration;
			buildSettings = {
				ALWAYS_EMBED_SWIFT_STANDARD_LIBRARIES = YES;
				CODE_SIGN_STYLE = Automatic;
				CURRENT_PROJECT_VERSION = 1;
				DEVELOPMENT_TEAM = WXA74GV5H2;
				GENERATE_INFOPLIST_FILE = YES;
				MARKETING_VERSION = 1.0;
				PRODUCT_BUNDLE_IDENTIFIER = AarishKhanna.DemoHackathonAppUITests;
				PRODUCT_NAME = "$(TARGET_NAME)";
				SWIFT_EMIT_LOC_STRINGS = NO;
				SWIFT_VERSION = 5.0;
				TARGETED_DEVICE_FAMILY = "1,2";
				TEST_TARGET_NAME = DemoHackathonApp;
			};
			name = Debug;
		};
		40D8D2C429ACB7E6005E003A /* Release */ = {
			isa = XCBuildConfiguration;
			buildSettings = {
				ALWAYS_EMBED_SWIFT_STANDARD_LIBRARIES = YES;
				CODE_SIGN_STYLE = Automatic;
				CURRENT_PROJECT_VERSION = 1;
				DEVELOPMENT_TEAM = WXA74GV5H2;
				GENERATE_INFOPLIST_FILE = YES;
				MARKETING_VERSION = 1.0;
				PRODUCT_BUNDLE_IDENTIFIER = AarishKhanna.DemoHackathonAppUITests;
				PRODUCT_NAME = "$(TARGET_NAME)";
				SWIFT_EMIT_LOC_STRINGS = NO;
				SWIFT_VERSION = 5.0;
				TARGETED_DEVICE_FAMILY = "1,2";
				TEST_TARGET_NAME = DemoHackathonApp;
			};
			name = Release;
		};
/* End XCBuildConfiguration section */

/* Begin XCConfigurationList section */
		40D8D28D29ACB7E1005E003A /* Build configuration list for PBXProject "DemoHackathonApp" */ = {
			isa = XCConfigurationList;
			buildConfigurations = (
				40D8D2BA29ACB7E6005E003A /* Debug */,
				40D8D2BB29ACB7E6005E003A /* Release */,
			);
			defaultConfigurationIsVisible = 0;
			defaultConfigurationName = Release;
		};
		40D8D2BC29ACB7E6005E003A /* Build configuration list for PBXNativeTarget "DemoHackathonApp" */ = {
			isa = XCConfigurationList;
			buildConfigurations = (
				40D8D2BD29ACB7E6005E003A /* Debug */,
				40D8D2BE29ACB7E6005E003A /* Release */,
			);
			defaultConfigurationIsVisible = 0;
			defaultConfigurationName = Release;
		};
		40D8D2BF29ACB7E6005E003A /* Build configuration list for PBXNativeTarget "DemoHackathonAppTests" */ = {
			isa = XCConfigurationList;
			buildConfigurations = (
				40D8D2C029ACB7E6005E003A /* Debug */,
				40D8D2C129ACB7E6005E003A /* Release */,
			);
			defaultConfigurationIsVisible = 0;
			defaultConfigurationName = Release;
		};
		40D8D2C229ACB7E6005E003A /* Build configuration list for PBXNativeTarget "DemoHackathonAppUITests" */ = {
			isa = XCConfigurationList;
			buildConfigurations = (
				40D8D2C329ACB7E6005E003A /* Debug */,
				40D8D2C429ACB7E6005E003A /* Release */,
			);
			defaultConfigurationIsVisible = 0;
			defaultConfigurationName = Release;
		};
/* End XCConfigurationList section */

/* Begin XCRemoteSwiftPackageReference section */
		402E6D5929ACC52B005E1567 /* XCRemoteSwiftPackageReference "fcl-swift" */ = {
			isa = XCRemoteSwiftPackageReference;
			repositoryURL = "https://github.com/outblock/fcl-swift.git";
			requirement = {
				kind = upToNextMajorVersion;
				minimumVersion = 0.1.0;
			};
		};
		40A03D7129ADC2B5000076E8 /* XCRemoteSwiftPackageReference "SDWebImageSwiftUI" */ = {
			isa = XCRemoteSwiftPackageReference;
			repositoryURL = "https://github.com/SDWebImage/SDWebImageSwiftUI";
			requirement = {
				kind = upToNextMajorVersion;
				minimumVersion = 2.0.0;
			};
		};
/* End XCRemoteSwiftPackageReference section */

/* Begin XCSwiftPackageProductDependency section */
		402E6D5A29ACC52B005E1567 /* FCL */ = {
			isa = XCSwiftPackageProductDependency;
			package = 402E6D5929ACC52B005E1567 /* XCRemoteSwiftPackageReference "fcl-swift" */;
			productName = FCL;
		};
		40A03D7229ADC2B5000076E8 /* SDWebImageSwiftUI */ = {
			isa = XCSwiftPackageProductDependency;
			package = 40A03D7129ADC2B5000076E8 /* XCRemoteSwiftPackageReference "SDWebImageSwiftUI" */;
			productName = SDWebImageSwiftUI;
		};
/* End XCSwiftPackageProductDependency section */
	};
	rootObject = 40D8D28A29ACB7E1005E003A /* Project object */;
}
